{
  "requires": true,
  "lockfileVersion": 1,
  "dependencies": {
    "angular-ui-swiper": {
      "version": "2.3.8",
      "resolved": "https://registry.npmjs.org/angular-ui-swiper/-/angular-ui-swiper-2.3.8.tgz",
      "integrity": "sha1-bwF2sUILjCOkBPf7aNoIhPzwYZI=",
      "requires": {
        "gulp-rename": "^1.2.2"
      }
    },
    "gulp-rename": {
      "version": "1.4.0",
      "resolved": "https://registry.npmjs.org/gulp-rename/-/gulp-rename-1.4.0.tgz",
      "integrity": "sha512-swzbIGb/arEoFK89tPY58vg3Ok1bw+d35PfUNwWqdo7KM4jkmuGA78JiDNqR+JeZFaeeHnRg9N7aihX3YPmsyg=="
    },
    "ng-repeat-owl-carousel": {
      "version": "0.0.2",
      "resolved": "https://registry.npmjs.org/ng-repeat-owl-carousel/-/ng-repeat-owl-carousel-0.0.2.tgz",
      "integrity": "sha1-2vfnT0PUJWt97v5AaklRdtoMchw="
    }
  }
}
